
Microsoft Visual Studio Solution File, Format Version 12.00
# Visual Studio Version 17
VisualStudioVersion = 17.13.35919.96
MinimumVisualStudioVersion = 10.0.40219.1
Project("{FAE04EC0-301F-11D3-BF4B-00C04F79EFBC}") = "ProductManagement.Api", "ProductManagement.Api\ProductManagement.Api.csproj", "{C528C96F-6365-4F0E-AB01-E2E11571FAA6}"
EndProject
Project("{FAE04EC0-301F-11D3-BF4B-00C04F79EFBC}") = "Projects.Application", "ApplicationServices\Projects.Application.csproj", "{120947B4-6048-40EA-9DBB-348D6176D865}"
EndProject
Project("{FAE04EC0-301F-11D3-BF4B-00C04F79EFBC}") = "Projects.Domain", "ProductMangement.Domain\Projects.Domain.csproj", "{4F075B6A-3DFC-4022-B0BB-BA64C3966D3D}"
EndProject
Project("{FAE04EC0-301F-11D3-BF4B-00C04F79EFBC}") = "Projects.DbConnection", "ProductManagement.DbConnection\Projects.DbConnection.csproj", "{9457B911-4077-4CD3-98AA-809ABF045F78}"
EndProject
Global
	GlobalSection(SolutionConfigurationPlatforms) = preSolution
		Debug|Any CPU = Debug|Any CPU
		Release|Any CPU = Release|Any CPU
	EndGlobalSection
	GlobalSection(ProjectConfigurationPlatforms) = postSolution
		{C528C96F-6365-4F0E-AB01-E2E11571FAA6}.Debug|Any CPU.ActiveCfg = Debug|Any CPU
		{C528C96F-6365-4F0E-AB01-E2E11571FAA6}.Debug|Any CPU.Build.0 = Debug|Any CPU
		{C528C96F-6365-4F0E-AB01-E2E11571FAA6}.Release|Any CPU.ActiveCfg = Release|Any CPU
		{C528C96F-6365-4F0E-AB01-E2E11571FAA6}.Release|Any CPU.Build.0 = Release|Any CPU
		{120947B4-6048-40EA-9DBB-348D6176D865}.Debug|Any CPU.ActiveCfg = Debug|Any CPU
		{120947B4-6048-40EA-9DBB-348D6176D865}.Debug|Any CPU.Build.0 = Debug|Any CPU
		{120947B4-6048-40EA-9DBB-348D6176D865}.Release|Any CPU.ActiveCfg = Release|Any CPU
		{120947B4-6048-40EA-9DBB-348D6176D865}.Release|Any CPU.Build.0 = Release|Any CPU
		{4F075B6A-3DFC-4022-B0BB-BA64C3966D3D}.Debug|Any CPU.ActiveCfg = Debug|Any CPU
		{4F075B6A-3DFC-4022-B0BB-BA64C3966D3D}.Debug|Any CPU.Build.0 = Debug|Any CPU
		{4F075B6A-3DFC-4022-B0BB-BA64C3966D3D}.Release|Any CPU.ActiveCfg = Release|Any CPU
		{4F075B6A-3DFC-4022-B0BB-BA64C3966D3D}.Release|Any CPU.Build.0 = Release|Any CPU
		{9457B911-4077-4CD3-98AA-809ABF045F78}.Debug|Any CPU.ActiveCfg = Debug|Any CPU
		{9457B911-4077-4CD3-98AA-809ABF045F78}.Debug|Any CPU.Build.0 = Debug|Any CPU
		{9457B911-4077-4CD3-98AA-809ABF045F78}.Release|Any CPU.ActiveCfg = Release|Any CPU
		{9457B911-4077-4CD3-98AA-809ABF045F78}.Release|Any CPU.Build.0 = Release|Any CPU
	EndGlobalSection
	GlobalSection(SolutionProperties) = preSolution
		HideSolutionNode = FALSE
	EndGlobalSection
	GlobalSection(ExtensibilityGlobals) = postSolution
		SolutionGuid = {D704E61C-67B8-4647-BF09-9329C22010D0}
	EndGlobalSection
EndGlobal
